
Microsoft Visual Studio Solution File, Format Version 12.00
# Visual Studio Version 17
VisualStudioVersion = 17.0.32112.339
MinimumVisualStudioVersion = 10.0.40219.1
Project("{9A19103F-16F7-4668-BE54-9A1E7A4F7556}") = "EscapeFromZaun", "EscapeFromZaun\EscapeFromZaun.csproj", "{8EA1F679-A755-4734-9175-F330BAB3B3F2}"
EndProject
Project("{9A19103F-16F7-4668-BE54-9A1E7A4F7556}") = "EscapeFromZaun.Model", "EscapeFromZaun.Model\EscapeFromZaun.Model.csproj", "{A7EFC56A-4388-40DE-992E-71D1DD548D00}"
EndProject
Project("{9A19103F-16F7-4668-BE54-9A1E7A4F7556}") = "EscapeFromZaun.Repository", "EscapeFromZaun.Repository\EscapeFromZaun.Repository.csproj", "{A4CA0879-845B-4C66-AB14-984A97D883C1}"
EndProject
Project("{FAE04EC0-301F-11D3-BF4B-00C04F79EFBC}") = "EscapeFromZaun.WpfLogic", "EscapeFromZaun.WpfLogic\EscapeFromZaun.WpfLogic.csproj", "{78051EA4-003A-443B-B1AC-E460AD99695B}"
EndProject
Global
	GlobalSection(SolutionConfigurationPlatforms) = preSolution
		Debug|Any CPU = Debug|Any CPU
		Release|Any CPU = Release|Any CPU
	EndGlobalSection
	GlobalSection(ProjectConfigurationPlatforms) = postSolution
		{8EA1F679-A755-4734-9175-F330BAB3B3F2}.Debug|Any CPU.ActiveCfg = Debug|Any CPU
		{8EA1F679-A755-4734-9175-F330BAB3B3F2}.Debug|Any CPU.Build.0 = Debug|Any CPU
		{8EA1F679-A755-4734-9175-F330BAB3B3F2}.Release|Any CPU.ActiveCfg = Release|Any CPU
		{8EA1F679-A755-4734-9175-F330BAB3B3F2}.Release|Any CPU.Build.0 = Release|Any CPU
		{A7EFC56A-4388-40DE-992E-71D1DD548D00}.Debug|Any CPU.ActiveCfg = Debug|Any CPU
		{A7EFC56A-4388-40DE-992E-71D1DD548D00}.Debug|Any CPU.Build.0 = Debug|Any CPU
		{A7EFC56A-4388-40DE-992E-71D1DD548D00}.Release|Any CPU.ActiveCfg = Release|Any CPU
		{A7EFC56A-4388-40DE-992E-71D1DD548D00}.Release|Any CPU.Build.0 = Release|Any CPU
		{A4CA0879-845B-4C66-AB14-984A97D883C1}.Debug|Any CPU.ActiveCfg = Debug|Any CPU
		{A4CA0879-845B-4C66-AB14-984A97D883C1}.Debug|Any CPU.Build.0 = Debug|Any CPU
		{A4CA0879-845B-4C66-AB14-984A97D883C1}.Release|Any CPU.ActiveCfg = Release|Any CPU
		{A4CA0879-845B-4C66-AB14-984A97D883C1}.Release|Any CPU.Build.0 = Release|Any CPU
		{78051EA4-003A-443B-B1AC-E460AD99695B}.Debug|Any CPU.ActiveCfg = Debug|Any CPU
		{78051EA4-003A-443B-B1AC-E460AD99695B}.Debug|Any CPU.Build.0 = Debug|Any CPU
		{78051EA4-003A-443B-B1AC-E460AD99695B}.Release|Any CPU.ActiveCfg = Release|Any CPU
		{78051EA4-003A-443B-B1AC-E460AD99695B}.Release|Any CPU.Build.0 = Release|Any CPU
	EndGlobalSection
	GlobalSection(SolutionProperties) = preSolution
		HideSolutionNode = FALSE
	EndGlobalSection
	GlobalSection(ExtensibilityGlobals) = postSolution
		SolutionGuid = {E2392366-2F1D-4B3F-BAB4-5D5B5DD85BBB}
	EndGlobalSection
EndGlobal
